// !$*UTF8*$!
{
	archiveVersion = 1;
	classes = {
	};
	objectVersion = 51;
	objects = {

/* Begin PBXBuildFile section */
		4A0146302319663E0001D5F7 /* HamMenuViewController.swift in Sources */ = {isa = PBXBuildFile; fileRef = 4A01462E2319663E0001D5F7 /* HamMenuViewController.swift */; };
		4A0146312319663E0001D5F7 /* HamMenuViewController.xib in Resources */ = {isa = PBXBuildFile; fileRef = 4A01462F2319663E0001D5F7 /* HamMenuViewController.xib */; };
		4A3BA5702312DFE300235F33 /* AppDelegate.swift in Sources */ = {isa = PBXBuildFile; fileRef = 4A3BA56F2312DFE300235F33 /* AppDelegate.swift */; };
		4A3BA5782312DFE300235F33 /* HereThere2.xcdatamodeld in Sources */ = {isa = PBXBuildFile; fileRef = 4A3BA5762312DFE300235F33 /* HereThere2.xcdatamodeld */; };
		4A3BA57A2312DFE500235F33 /* Assets.xcassets in Resources */ = {isa = PBXBuildFile; fileRef = 4A3BA5792312DFE500235F33 /* Assets.xcassets */; };
		4A3BA57D2312DFE500235F33 /* LaunchScreen.storyboard in Resources */ = {isa = PBXBuildFile; fileRef = 4A3BA57B2312DFE500235F33 /* LaunchScreen.storyboard */; };
		4A3BA58E2312E4E400235F33 /* SplashViewController.swift in Sources */ = {isa = PBXBuildFile; fileRef = 4A3BA58C2312E4E400235F33 /* SplashViewController.swift */; };
		4A3BA58F2312E4E400235F33 /* SplashViewController.xib in Resources */ = {isa = PBXBuildFile; fileRef = 4A3BA58D2312E4E400235F33 /* SplashViewController.xib */; };
		4A3BA5992312E55E00235F33 /* MainViewController.swift in Sources */ = {isa = PBXBuildFile; fileRef = 4A3BA5972312E55E00235F33 /* MainViewController.swift */; };
		4A3BA59A2312E55E00235F33 /* MainViewController.xib in Resources */ = {isa = PBXBuildFile; fileRef = 4A3BA5982312E55E00235F33 /* MainViewController.xib */; };
		4A3BA59C2312E5F400235F33 /* TutorialResponse.swift in Sources */ = {isa = PBXBuildFile; fileRef = 4A3BA59B2312E5F400235F33 /* TutorialResponse.swift */; };
		4A3BA59E2312E62500235F33 /* NoticePopUp.swift in Sources */ = {isa = PBXBuildFile; fileRef = 4A3BA59D2312E62500235F33 /* NoticePopUp.swift */; };
		4A3BA5A02312E64000235F33 /* NoticePopUpDelegate.swift in Sources */ = {isa = PBXBuildFile; fileRef = 4A3BA59F2312E64000235F33 /* NoticePopUpDelegate.swift */; };
		4A3BA5A22312E65900235F33 /* NoticePopUp.storyboard in Resources */ = {isa = PBXBuildFile; fileRef = 4A3BA5A12312E65900235F33 /* NoticePopUp.storyboard */; };
		4A3BA5A62312E6FE00235F33 /* BaseViewController.swift in Sources */ = {isa = PBXBuildFile; fileRef = 4A3BA5A52312E6FE00235F33 /* BaseViewController.swift */; };
		4A3BA5A82312E72E00235F33 /* CustomIndicatorView.swift in Sources */ = {isa = PBXBuildFile; fileRef = 4A3BA5A72312E72E00235F33 /* CustomIndicatorView.swift */; };
		4A3BA5AA2312E74700235F33 /* ColorPalette.swift in Sources */ = {isa = PBXBuildFile; fileRef = 4A3BA5A92312E74700235F33 /* ColorPalette.swift */; };
		4A3BA5AC2312E76300235F33 /* UIColor.swift in Sources */ = {isa = PBXBuildFile; fileRef = 4A3BA5AB2312E76300235F33 /* UIColor.swift */; };
		4A3BA5AE2312E77500235F33 /* UIButton.swift in Sources */ = {isa = PBXBuildFile; fileRef = 4A3BA5AD2312E77500235F33 /* UIButton.swift */; };
		4A3BA5B02312E78A00235F33 /* UIViewController.swift in Sources */ = {isa = PBXBuildFile; fileRef = 4A3BA5AF2312E78A00235F33 /* UIViewController.swift */; };
		4A3BA5B22312E7A300235F33 /* String.swift in Sources */ = {isa = PBXBuildFile; fileRef = 4A3BA5B12312E7A300235F33 /* String.swift */; };
		4A3BA5B42312E8C100235F33 /* MainDataManager.swift in Sources */ = {isa = PBXBuildFile; fileRef = 4A3BA5B32312E8C100235F33 /* MainDataManager.swift */; };
		4A3BA5BA2312F04300235F33 /* LoginViewController.swift in Sources */ = {isa = PBXBuildFile; fileRef = 4A3BA5B82312F04300235F33 /* LoginViewController.swift */; };
		4A3BA5BB2312F04300235F33 /* LoginViewController.xib in Resources */ = {isa = PBXBuildFile; fileRef = 4A3BA5B92312F04300235F33 /* LoginViewController.xib */; };
		4A4FBCDD2322566A006CF8AC /* MyProfileViewController.swift in Sources */ = {isa = PBXBuildFile; fileRef = 4A4FBCDB2322566A006CF8AC /* MyProfileViewController.swift */; };
		4A4FBCDE2322566A006CF8AC /* MyProfileViewController.xib in Resources */ = {isa = PBXBuildFile; fileRef = 4A4FBCDC2322566A006CF8AC /* MyProfileViewController.xib */; };
		4A4FBCE123236E3C006CF8AC /* UserProfileDataManager.swift in Sources */ = {isa = PBXBuildFile; fileRef = 4A4FBCE023236E3C006CF8AC /* UserProfileDataManager.swift */; };
		4A4FBCE323237AF4006CF8AC /* GetProfileResponse.swift in Sources */ = {isa = PBXBuildFile; fileRef = 4A4FBCE223237AF4006CF8AC /* GetProfileResponse.swift */; };
		4A4FBCE923241C68006CF8AC /* RegFeedDataManager.swift in Sources */ = {isa = PBXBuildFile; fileRef = 4A4FBCE823241C68006CF8AC /* RegFeedDataManager.swift */; };
		4A4FBCEC23242A48006CF8AC /* PostFeedViewController.swift in Sources */ = {isa = PBXBuildFile; fileRef = 4A4FBCEA23242A48006CF8AC /* PostFeedViewController.swift */; };
		4A4FBCED23242A48006CF8AC /* PostFeedViewController.xib in Resources */ = {isa = PBXBuildFile; fileRef = 4A4FBCEB23242A48006CF8AC /* PostFeedViewController.xib */; };
		4A4FBCF023242BB8006CF8AC /* DetailFeedViewController.swift in Sources */ = {isa = PBXBuildFile; fileRef = 4A4FBCEE23242BB8006CF8AC /* DetailFeedViewController.swift */; };
		4A4FBCF123242BB8006CF8AC /* DetailFeedViewController.xib in Resources */ = {isa = PBXBuildFile; fileRef = 4A4FBCEF23242BB8006CF8AC /* DetailFeedViewController.xib */; };
		4A4FBCF42324304F006CF8AC /* ReplyTableViewCell.swift in Sources */ = {isa = PBXBuildFile; fileRef = 4A4FBCF22324304F006CF8AC /* ReplyTableViewCell.swift */; };
		4A4FBCF52324304F006CF8AC /* ReplyTableViewCell.xib in Resources */ = {isa = PBXBuildFile; fileRef = 4A4FBCF32324304F006CF8AC /* ReplyTableViewCell.xib */; };
		4A4FBCF7232435A9006CF8AC /* DetailFeedResponse.swift in Sources */ = {isa = PBXBuildFile; fileRef = 4A4FBCF6232435A9006CF8AC /* DetailFeedResponse.swift */; };
		4A4FBCFD232498AF006CF8AC /* GetReplyResponse.swift in Sources */ = {isa = PBXBuildFile; fileRef = 4A4FBCFC232498AF006CF8AC /* GetReplyResponse.swift */; };
		4A771C3023159E38003AD399 /* SchoolOkViewController.swift in Sources */ = {isa = PBXBuildFile; fileRef = 4A771C2E23159E38003AD399 /* SchoolOkViewController.swift */; };
		4A771C3123159E38003AD399 /* SchoolOkViewController.xib in Resources */ = {isa = PBXBuildFile; fileRef = 4A771C2F23159E38003AD399 /* SchoolOkViewController.xib */; };
		4A771C3423159E53003AD399 /* SNationViewController.swift in Sources */ = {isa = PBXBuildFile; fileRef = 4A771C3223159E53003AD399 /* SNationViewController.swift */; };
		4A771C3523159E53003AD399 /* SNationViewController.xib in Resources */ = {isa = PBXBuildFile; fileRef = 4A771C3323159E53003AD399 /* SNationViewController.xib */; };
		4A771C382316FBAA003AD399 /* NationTableViewCell.swift in Sources */ = {isa = PBXBuildFile; fileRef = 4A771C362316FBAA003AD399 /* NationTableViewCell.swift */; };
		4A771C392316FBAA003AD399 /* NationTableViewCell.xib in Resources */ = {isa = PBXBuildFile; fileRef = 4A771C372316FBAA003AD399 /* NationTableViewCell.xib */; };
		4A771C4223173D8D003AD399 /* FinishViewController.swift in Sources */ = {isa = PBXBuildFile; fileRef = 4A771C4023173D8D003AD399 /* FinishViewController.swift */; };
		4A771C4323173D8D003AD399 /* FinishViewController.xib in Resources */ = {isa = PBXBuildFile; fileRef = 4A771C4123173D8D003AD399 /* FinishViewController.xib */; };
		4A7E4F302326EAD000A3DD14 /* MyCollectionViewController.swift in Sources */ = {isa = PBXBuildFile; fileRef = 4A7E4F2E2326EAD000A3DD14 /* MyCollectionViewController.swift */; };
		4A7E4F312326EAD000A3DD14 /* MyCollectionViewController.xib in Resources */ = {isa = PBXBuildFile; fileRef = 4A7E4F2F2326EAD000A3DD14 /* MyCollectionViewController.xib */; };
		4A7E4F342327278700A3DD14 /* CollectionViewCell.swift in Sources */ = {isa = PBXBuildFile; fileRef = 4A7E4F322327278700A3DD14 /* CollectionViewCell.swift */; };
		4A7E4F352327278700A3DD14 /* CollectionViewCell.xib in Resources */ = {isa = PBXBuildFile; fileRef = 4A7E4F332327278700A3DD14 /* CollectionViewCell.xib */; };
		4A7E4F37232729B000A3DD14 /* GetImagesDataResponse.swift in Sources */ = {isa = PBXBuildFile; fileRef = 4A7E4F36232729B000A3DD14 /* GetImagesDataResponse.swift */; };
		4A815621231C1EA000BF7B49 /* DataSendDelegate.swift in Sources */ = {isa = PBXBuildFile; fileRef = 4A815620231C1EA000BF7B49 /* DataSendDelegate.swift */; };
		4A815625231C2E1700BF7B49 /* GoogleService-Info.plist in Resources */ = {isa = PBXBuildFile; fileRef = 4A815624231C2E1700BF7B49 /* GoogleService-Info.plist */; };
		4A833E692315775300A1BAB6 /* NewEmailViewController.swift in Sources */ = {isa = PBXBuildFile; fileRef = 4A833E672315775300A1BAB6 /* NewEmailViewController.swift */; };
		4A833E6A2315775300A1BAB6 /* NewEmailViewController.xib in Resources */ = {isa = PBXBuildFile; fileRef = 4A833E682315775300A1BAB6 /* NewEmailViewController.xib */; };
		4A833E6D23157B0700A1BAB6 /* NewPwViewController.swift in Sources */ = {isa = PBXBuildFile; fileRef = 4A833E6B23157B0700A1BAB6 /* NewPwViewController.swift */; };
		4A833E6E23157B0700A1BAB6 /* NewPwViewController.xib in Resources */ = {isa = PBXBuildFile; fileRef = 4A833E6C23157B0700A1BAB6 /* NewPwViewController.xib */; };
		4A833E7123157BE800A1BAB6 /* NewPersonalViewController.swift in Sources */ = {isa = PBXBuildFile; fileRef = 4A833E6F23157BE800A1BAB6 /* NewPersonalViewController.swift */; };
		4A833E7223157BE800A1BAB6 /* NewPersonalViewController.xib in Resources */ = {isa = PBXBuildFile; fileRef = 4A833E7023157BE800A1BAB6 /* NewPersonalViewController.xib */; };
		4A833E7623158B7400A1BAB6 /* SchoolViewController.swift in Sources */ = {isa = PBXBuildFile; fileRef = 4A833E7423158B7400A1BAB6 /* SchoolViewController.swift */; };
		4A833E7723158B7400A1BAB6 /* SchoolViewController.xib in Resources */ = {isa = PBXBuildFile; fileRef = 4A833E7523158B7400A1BAB6 /* SchoolViewController.xib */; };
		4A876FC9231C3AE9003F0101 /* StorageService.swift in Sources */ = {isa = PBXBuildFile; fileRef = 4A876FC8231C3AE9003F0101 /* StorageService.swift */; };
		4A876FCB231C3DEA003F0101 /* NationResponse.swift in Sources */ = {isa = PBXBuildFile; fileRef = 4A876FCA231C3DEA003F0101 /* NationResponse.swift */; };
		4AD03B1423220F8000835D8D /* MainHomeViewController.swift in Sources */ = {isa = PBXBuildFile; fileRef = 4AD03B1223220F8000835D8D /* MainHomeViewController.swift */; };
		4AD03B1523220F8000835D8D /* MainHomeViewController.xib in Resources */ = {isa = PBXBuildFile; fileRef = 4AD03B1323220F8000835D8D /* MainHomeViewController.xib */; };
		4AD4EDBF231FFDCE00420576 /* GetFeedResponse.swift in Sources */ = {isa = PBXBuildFile; fileRef = 4AD4EDBE231FFDCE00420576 /* GetFeedResponse.swift */; };
		4AD4EDC32320270C00420576 /* GetLoginResponse.swift in Sources */ = {isa = PBXBuildFile; fileRef = 4AD4EDC22320270C00420576 /* GetLoginResponse.swift */; };
		4AD788A12319967500F9DDAF /* LogoutViewController.swift in Sources */ = {isa = PBXBuildFile; fileRef = 4AD7889F2319967500F9DDAF /* LogoutViewController.swift */; };
		4AD788A22319967500F9DDAF /* LogoutViewController.xib in Resources */ = {isa = PBXBuildFile; fileRef = 4AD788A02319967500F9DDAF /* LogoutViewController.xib */; };
		4AD788A72319A09C00F9DDAF /* FeedTableViewCell.swift in Sources */ = {isa = PBXBuildFile; fileRef = 4AD788A52319A09C00F9DDAF /* FeedTableViewCell.swift */; };
		4AD788A82319A09C00F9DDAF /* FeedTableViewCell.xib in Resources */ = {isa = PBXBuildFile; fileRef = 4AD788A62319A09C00F9DDAF /* FeedTableViewCell.xib */; };
		4AD788AB231BBEDF00F9DDAF /* LoginResponse.swift in Sources */ = {isa = PBXBuildFile; fileRef = 4AD788AA231BBEDF00F9DDAF /* LoginResponse.swift */; };
		4AD788AD231BC18700F9DDAF /* NewemailResponse.swift in Sources */ = {isa = PBXBuildFile; fileRef = 4AD788AC231BC18700F9DDAF /* NewemailResponse.swift */; };
		9C2560EB72890EFACF492924 /* Pods_HereThere2.framework in Frameworks */ = {isa = PBXBuildFile; fileRef = 4B15649EA5527554E9DB2BD9 /* Pods_HereThere2.framework */; };
/* End PBXBuildFile section */

/* Begin PBXFileReference section */
		4A01462E2319663E0001D5F7 /* HamMenuViewController.swift */ = {isa = PBXFileReference; lastKnownFileType = sourcecode.swift; path = HamMenuViewController.swift; sourceTree = "<group>"; };
		4A01462F2319663E0001D5F7 /* HamMenuViewController.xib */ = {isa = PBXFileReference; lastKnownFileType = file.xib; path = HamMenuViewController.xib; sourceTree = "<group>"; };
		4A3BA56C2312DFE300235F33 /* HereThere2.app */ = {isa = PBXFileReference; explicitFileType = wrapper.application; includeInIndex = 0; path = HereThere2.app; sourceTree = BUILT_PRODUCTS_DIR; };
		4A3BA56F2312DFE300235F33 /* AppDelegate.swift */ = {isa = PBXFileReference; lastKnownFileType = sourcecode.swift; path = AppDelegate.swift; sourceTree = "<group>"; };
		4A3BA5772312DFE300235F33 /* HereThere2.xcdatamodel */ = {isa = PBXFileReference; lastKnownFileType = wrapper.xcdatamodel; path = HereThere2.xcdatamodel; sourceTree = "<group>"; };
		4A3BA5792312DFE500235F33 /* Assets.xcassets */ = {isa = PBXFileReference; lastKnownFileType = folder.assetcatalog; path = Assets.xcassets; sourceTree = "<group>"; };
		4A3BA57C2312DFE500235F33 /* Base */ = {isa = PBXFileReference; lastKnownFileType = file.storyboard; name = Base; path = Base.lproj/LaunchScreen.storyboard; sourceTree = "<group>"; };
		4A3BA57E2312DFE500235F33 /* Info.plist */ = {isa = PBXFileReference; lastKnownFileType = text.plist.xml; path = Info.plist; sourceTree = "<group>"; };
		4A3BA58C2312E4E400235F33 /* SplashViewController.swift */ = {isa = PBXFileReference; lastKnownFileType = sourcecode.swift; path = SplashViewController.swift; sourceTree = "<group>"; };
		4A3BA58D2312E4E400235F33 /* SplashViewController.xib */ = {isa = PBXFileReference; lastKnownFileType = file.xib; path = SplashViewController.xib; sourceTree = "<group>"; };
		4A3BA5972312E55E00235F33 /* MainViewController.swift */ = {isa = PBXFileReference; lastKnownFileType = sourcecode.swift; path = MainViewController.swift; sourceTree = "<group>"; };
		4A3BA5982312E55E00235F33 /* MainViewController.xib */ = {isa = PBXFileReference; lastKnownFileType = file.xib; path = MainViewController.xib; sourceTree = "<group>"; };
		4A3BA59B2312E5F400235F33 /* TutorialResponse.swift */ = {isa = PBXFileReference; lastKnownFileType = sourcecode.swift; path = TutorialResponse.swift; sourceTree = "<group>"; };
		4A3BA59D2312E62500235F33 /* NoticePopUp.swift */ = {isa = PBXFileReference; lastKnownFileType = sourcecode.swift; path = NoticePopUp.swift; sourceTree = "<group>"; };
		4A3BA59F2312E64000235F33 /* NoticePopUpDelegate.swift */ = {isa = PBXFileReference; lastKnownFileType = sourcecode.swift; path = NoticePopUpDelegate.swift; sourceTree = "<group>"; };
		4A3BA5A12312E65900235F33 /* NoticePopUp.storyboard */ = {isa = PBXFileReference; lastKnownFileType = file.storyboard; path = NoticePopUp.storyboard; sourceTree = "<group>"; };
		4A3BA5A52312E6FE00235F33 /* BaseViewController.swift */ = {isa = PBXFileReference; lastKnownFileType = sourcecode.swift; path = BaseViewController.swift; sourceTree = "<group>"; };
		4A3BA5A72312E72E00235F33 /* CustomIndicatorView.swift */ = {isa = PBXFileReference; lastKnownFileType = sourcecode.swift; path = CustomIndicatorView.swift; sourceTree = "<group>"; };
		4A3BA5A92312E74700235F33 /* ColorPalette.swift */ = {isa = PBXFileReference; lastKnownFileType = sourcecode.swift; path = ColorPalette.swift; sourceTree = "<group>"; };
		4A3BA5AB2312E76300235F33 /* UIColor.swift */ = {isa = PBXFileReference; lastKnownFileType = sourcecode.swift; path = UIColor.swift; sourceTree = "<group>"; };
		4A3BA5AD2312E77500235F33 /* UIButton.swift */ = {isa = PBXFileReference; lastKnownFileType = sourcecode.swift; path = UIButton.swift; sourceTree = "<group>"; };
		4A3BA5AF2312E78A00235F33 /* UIViewController.swift */ = {isa = PBXFileReference; lastKnownFileType = sourcecode.swift; path = UIViewController.swift; sourceTree = "<group>"; };
		4A3BA5B12312E7A300235F33 /* String.swift */ = {isa = PBXFileReference; lastKnownFileType = sourcecode.swift; path = String.swift; sourceTree = "<group>"; };
		4A3BA5B32312E8C100235F33 /* MainDataManager.swift */ = {isa = PBXFileReference; lastKnownFileType = sourcecode.swift; path = MainDataManager.swift; sourceTree = "<group>"; };
		4A3BA5B82312F04300235F33 /* LoginViewController.swift */ = {isa = PBXFileReference; lastKnownFileType = sourcecode.swift; path = LoginViewController.swift; sourceTree = "<group>"; };
		4A3BA5B92312F04300235F33 /* LoginViewController.xib */ = {isa = PBXFileReference; lastKnownFileType = file.xib; path = LoginViewController.xib; sourceTree = "<group>"; };
		4A4FBCDB2322566A006CF8AC /* MyProfileViewController.swift */ = {isa = PBXFileReference; lastKnownFileType = sourcecode.swift; path = MyProfileViewController.swift; sourceTree = "<group>"; };
		4A4FBCDC2322566A006CF8AC /* MyProfileViewController.xib */ = {isa = PBXFileReference; lastKnownFileType = file.xib; path = MyProfileViewController.xib; sourceTree = "<group>"; };
		4A4FBCE023236E3C006CF8AC /* UserProfileDataManager.swift */ = {isa = PBXFileReference; lastKnownFileType = sourcecode.swift; path = UserProfileDataManager.swift; sourceTree = "<group>"; };
		4A4FBCE223237AF4006CF8AC /* GetProfileResponse.swift */ = {isa = PBXFileReference; lastKnownFileType = sourcecode.swift; path = GetProfileResponse.swift; sourceTree = "<group>"; };
		4A4FBCE823241C68006CF8AC /* RegFeedDataManager.swift */ = {isa = PBXFileReference; lastKnownFileType = sourcecode.swift; path = RegFeedDataManager.swift; sourceTree = "<group>"; };
		4A4FBCEA23242A48006CF8AC /* PostFeedViewController.swift */ = {isa = PBXFileReference; lastKnownFileType = sourcecode.swift; path = PostFeedViewController.swift; sourceTree = "<group>"; };
		4A4FBCEB23242A48006CF8AC /* PostFeedViewController.xib */ = {isa = PBXFileReference; lastKnownFileType = file.xib; path = PostFeedViewController.xib; sourceTree = "<group>"; };
		4A4FBCEE23242BB8006CF8AC /* DetailFeedViewController.swift */ = {isa = PBXFileReference; lastKnownFileType = sourcecode.swift; path = DetailFeedViewController.swift; sourceTree = "<group>"; };
		4A4FBCEF23242BB8006CF8AC /* DetailFeedViewController.xib */ = {isa = PBXFileReference; lastKnownFileType = file.xib; path = DetailFeedViewController.xib; sourceTree = "<group>"; };
		4A4FBCF22324304F006CF8AC /* ReplyTableViewCell.swift */ = {isa = PBXFileReference; lastKnownFileType = sourcecode.swift; path = ReplyTableViewCell.swift; sourceTree = "<group>"; };
		4A4FBCF32324304F006CF8AC /* ReplyTableViewCell.xib */ = {isa = PBXFileReference; lastKnownFileType = file.xib; path = ReplyTableViewCell.xib; sourceTree = "<group>"; };
		4A4FBCF6232435A9006CF8AC /* DetailFeedResponse.swift */ = {isa = PBXFileReference; lastKnownFileType = sourcecode.swift; path = DetailFeedResponse.swift; sourceTree = "<group>"; };
		4A4FBCFC232498AF006CF8AC /* GetReplyResponse.swift */ = {isa = PBXFileReference; lastKnownFileType = sourcecode.swift; path = GetReplyResponse.swift; sourceTree = "<group>"; };
		4A771C2E23159E38003AD399 /* SchoolOkViewController.swift */ = {isa = PBXFileReference; lastKnownFileType = sourcecode.swift; path = SchoolOkViewController.swift; sourceTree = "<group>"; };
		4A771C2F23159E38003AD399 /* SchoolOkViewController.xib */ = {isa = PBXFileReference; lastKnownFileType = file.xib; path = SchoolOkViewController.xib; sourceTree = "<group>"; };
		4A771C3223159E53003AD399 /* SNationViewController.swift */ = {isa = PBXFileReference; lastKnownFileType = sourcecode.swift; path = SNationViewController.swift; sourceTree = "<group>"; };
		4A771C3323159E53003AD399 /* SNationViewController.xib */ = {isa = PBXFileReference; lastKnownFileType = file.xib; path = SNationViewController.xib; sourceTree = "<group>"; };
		4A771C362316FBAA003AD399 /* NationTableViewCell.swift */ = {isa = PBXFileReference; lastKnownFileType = sourcecode.swift; path = NationTableViewCell.swift; sourceTree = "<group>"; };
		4A771C372316FBAA003AD399 /* NationTableViewCell.xib */ = {isa = PBXFileReference; lastKnownFileType = file.xib; path = NationTableViewCell.xib; sourceTree = "<group>"; };
		4A771C4023173D8D003AD399 /* FinishViewController.swift */ = {isa = PBXFileReference; lastKnownFileType = sourcecode.swift; path = FinishViewController.swift; sourceTree = "<group>"; };
		4A771C4123173D8D003AD399 /* FinishViewController.xib */ = {isa = PBXFileReference; lastKnownFileType = file.xib; path = FinishViewController.xib; sourceTree = "<group>"; };
		4A7E4F2E2326EAD000A3DD14 /* MyCollectionViewController.swift */ = {isa = PBXFileReference; lastKnownFileType = sourcecode.swift; path = MyCollectionViewController.swift; sourceTree = "<group>"; };
		4A7E4F2F2326EAD000A3DD14 /* MyCollectionViewController.xib */ = {isa = PBXFileReference; lastKnownFileType = file.xib; path = MyCollectionViewController.xib; sourceTree = "<group>"; };
		4A7E4F322327278700A3DD14 /* CollectionViewCell.swift */ = {isa = PBXFileReference; lastKnownFileType = sourcecode.swift; path = CollectionViewCell.swift; sourceTree = "<group>"; };
		4A7E4F332327278700A3DD14 /* CollectionViewCell.xib */ = {isa = PBXFileReference; lastKnownFileType = file.xib; path = CollectionViewCell.xib; sourceTree = "<group>"; };
		4A7E4F36232729B000A3DD14 /* GetImagesDataResponse.swift */ = {isa = PBXFileReference; lastKnownFileType = sourcecode.swift; path = GetImagesDataResponse.swift; sourceTree = "<group>"; };
		4A815620231C1EA000BF7B49 /* DataSendDelegate.swift */ = {isa = PBXFileReference; lastKnownFileType = sourcecode.swift; path = DataSendDelegate.swift; sourceTree = "<group>"; };
		4A815624231C2E1700BF7B49 /* GoogleService-Info.plist */ = {isa = PBXFileReference; fileEncoding = 4; lastKnownFileType = text.plist.xml; name = "GoogleService-Info.plist"; path = "../../GoogleService-Info.plist"; sourceTree = "<group>"; };
		4A833E672315775300A1BAB6 /* NewEmailViewController.swift */ = {isa = PBXFileReference; lastKnownFileType = sourcecode.swift; path = NewEmailViewController.swift; sourceTree = "<group>"; };
		4A833E682315775300A1BAB6 /* NewEmailViewController.xib */ = {isa = PBXFileReference; lastKnownFileType = file.xib; path = NewEmailViewController.xib; sourceTree = "<group>"; };
		4A833E6B23157B0700A1BAB6 /* NewPwViewController.swift */ = {isa = PBXFileReference; lastKnownFileType = sourcecode.swift; path = NewPwViewController.swift; sourceTree = "<group>"; };
		4A833E6C23157B0700A1BAB6 /* NewPwViewController.xib */ = {isa = PBXFileReference; lastKnownFileType = file.xib; path = NewPwViewController.xib; sourceTree = "<group>"; };
		4A833E6F23157BE800A1BAB6 /* NewPersonalViewController.swift */ = {isa = PBXFileReference; lastKnownFileType = sourcecode.swift; path = NewPersonalViewController.swift; sourceTree = "<group>"; };
		4A833E7023157BE800A1BAB6 /* NewPersonalViewController.xib */ = {isa = PBXFileReference; lastKnownFileType = file.xib; path = NewPersonalViewController.xib; sourceTree = "<group>"; };
		4A833E7423158B7400A1BAB6 /* SchoolViewController.swift */ = {isa = PBXFileReference; lastKnownFileType = sourcecode.swift; path = SchoolViewController.swift; sourceTree = "<group>"; };
		4A833E7523158B7400A1BAB6 /* SchoolViewController.xib */ = {isa = PBXFileReference; lastKnownFileType = file.xib; path = SchoolViewController.xib; sourceTree = "<group>"; };
		4A876FC8231C3AE9003F0101 /* StorageService.swift */ = {isa = PBXFileReference; lastKnownFileType = sourcecode.swift; path = StorageService.swift; sourceTree = "<group>"; };
		4A876FCA231C3DEA003F0101 /* NationResponse.swift */ = {isa = PBXFileReference; lastKnownFileType = sourcecode.swift; path = NationResponse.swift; sourceTree = "<group>"; };
		4AD03B1223220F8000835D8D /* MainHomeViewController.swift */ = {isa = PBXFileReference; lastKnownFileType = sourcecode.swift; path = MainHomeViewController.swift; sourceTree = "<group>"; };
		4AD03B1323220F8000835D8D /* MainHomeViewController.xib */ = {isa = PBXFileReference; lastKnownFileType = file.xib; path = MainHomeViewController.xib; sourceTree = "<group>"; };
		4AD4EDBE231FFDCE00420576 /* GetFeedResponse.swift */ = {isa = PBXFileReference; lastKnownFileType = sourcecode.swift; path = GetFeedResponse.swift; sourceTree = "<group>"; };
		4AD4EDC22320270C00420576 /* GetLoginResponse.swift */ = {isa = PBXFileReference; lastKnownFileType = sourcecode.swift; path = GetLoginResponse.swift; sourceTree = "<group>"; };
		4AD7889F2319967500F9DDAF /* LogoutViewController.swift */ = {isa = PBXFileReference; lastKnownFileType = sourcecode.swift; path = LogoutViewController.swift; sourceTree = "<group>"; };
		4AD788A02319967500F9DDAF /* LogoutViewController.xib */ = {isa = PBXFileReference; lastKnownFileType = file.xib; path = LogoutViewController.xib; sourceTree = "<group>"; };
		4AD788A52319A09C00F9DDAF /* FeedTableViewCell.swift */ = {isa = PBXFileReference; lastKnownFileType = sourcecode.swift; path = FeedTableViewCell.swift; sourceTree = "<group>"; };
		4AD788A62319A09C00F9DDAF /* FeedTableViewCell.xib */ = {isa = PBXFileReference; lastKnownFileType = file.xib; path = FeedTableViewCell.xib; sourceTree = "<group>"; };
		4AD788AA231BBEDF00F9DDAF /* LoginResponse.swift */ = {isa = PBXFileReference; lastKnownFileType = sourcecode.swift; path = LoginResponse.swift; sourceTree = "<group>"; };
		4AD788AC231BC18700F9DDAF /* NewemailResponse.swift */ = {isa = PBXFileReference; lastKnownFileType = sourcecode.swift; path = NewemailResponse.swift; sourceTree = "<group>"; };
		4B15649EA5527554E9DB2BD9 /* Pods_HereThere2.framework */ = {isa = PBXFileReference; explicitFileType = wrapper.framework; includeInIndex = 0; path = Pods_HereThere2.framework; sourceTree = BUILT_PRODUCTS_DIR; };
		5B72862D81618C34A279666E /* Pods-HereThere2.debug.xcconfig */ = {isa = PBXFileReference; includeInIndex = 1; lastKnownFileType = text.xcconfig; name = "Pods-HereThere2.debug.xcconfig"; path = "Target Support Files/Pods-HereThere2/Pods-HereThere2.debug.xcconfig"; sourceTree = "<group>"; };
		D0C82A139445F53091212FF4 /* Pods-HereThere2.release.xcconfig */ = {isa = PBXFileReference; includeInIndex = 1; lastKnownFileType = text.xcconfig; name = "Pods-HereThere2.release.xcconfig"; path = "Target Support Files/Pods-HereThere2/Pods-HereThere2.release.xcconfig"; sourceTree = "<group>"; };
/* End PBXFileReference section */

/* Begin PBXFrameworksBuildPhase section */
		4A3BA5692312DFE300235F33 /* Frameworks */ = {
			isa = PBXFrameworksBuildPhase;
			buildActionMask = 2147483647;
			files = (
				9C2560EB72890EFACF492924 /* Pods_HereThere2.framework in Frameworks */,
			);
			runOnlyForDeploymentPostprocessing = 0;
		};
/* End PBXFrameworksBuildPhase section */

/* Begin PBXGroup section */
		4A014621231911050001D5F7 /* MainPage */ = {
			isa = PBXGroup;
			children = (
				4AD4EDBD231FFD7100420576 /* DataManager */,
				4AD4EDBC231FFD6700420576 /* Entity */,
				4A01462E2319663E0001D5F7 /* HamMenuViewController.swift */,
				4A01462F2319663E0001D5F7 /* HamMenuViewController.xib */,
				4AD7889F2319967500F9DDAF /* LogoutViewController.swift */,
				4AD788A02319967500F9DDAF /* LogoutViewController.xib */,
				4AD788A52319A09C00F9DDAF /* FeedTableViewCell.swift */,
				4AD788A62319A09C00F9DDAF /* FeedTableViewCell.xib */,
				4AD03B1223220F8000835D8D /* MainHomeViewController.swift */,
				4AD03B1323220F8000835D8D /* MainHomeViewController.xib */,
				4A4FBCDB2322566A006CF8AC /* MyProfileViewController.swift */,
				4A4FBCDC2322566A006CF8AC /* MyProfileViewController.xib */,
				4A4FBCEA23242A48006CF8AC /* PostFeedViewController.swift */,
				4A4FBCEB23242A48006CF8AC /* PostFeedViewController.xib */,
				4A4FBCEE23242BB8006CF8AC /* DetailFeedViewController.swift */,
				4A4FBCEF23242BB8006CF8AC /* DetailFeedViewController.xib */,
				4A4FBCF22324304F006CF8AC /* ReplyTableViewCell.swift */,
				4A4FBCF32324304F006CF8AC /* ReplyTableViewCell.xib */,
				4A7E4F2E2326EAD000A3DD14 /* MyCollectionViewController.swift */,
				4A7E4F2F2326EAD000A3DD14 /* MyCollectionViewController.xib */,
				4A7E4F322327278700A3DD14 /* CollectionViewCell.swift */,
				4A7E4F332327278700A3DD14 /* CollectionViewCell.xib */,
			);
			path = MainPage;
			sourceTree = "<group>";
		};
		4A3BA5632312DFE300235F33 = {
			isa = PBXGroup;
			children = (
				4A3BA56E2312DFE300235F33 /* HereThere2 */,
				4A3BA56D2312DFE300235F33 /* Products */,
				ABF43E32EFD4E7A9C6D8D66B /* Pods */,
				6911610F0EBB82B9D65E516D /* Frameworks */,
			);
			sourceTree = "<group>";
		};
		4A3BA56D2312DFE300235F33 /* Products */ = {
			isa = PBXGroup;
			children = (
				4A3BA56C2312DFE300235F33 /* HereThere2.app */,
			);
			name = Products;
			sourceTree = "<group>";
		};
		4A3BA56E2312DFE300235F33 /* HereThere2 */ = {
			isa = PBXGroup;
			children = (
				4A876FC7231C3ACC003F0101 /* Serviced */,
				4A014621231911050001D5F7 /* MainPage */,
				4A833E662315773A00A1BAB6 /* CreateNewUser */,
				4A3BA5B72312F02A00235F33 /* LoginPage */,
				4A3BA5A32312E6E800235F33 /* config */,
				4A3BA5902312E51400235F33 /* Main */,
				4A3BA58B2312E4B900235F33 /* Splash */,
				4A3BA56F2312DFE300235F33 /* AppDelegate.swift */,
				4A3BA5792312DFE500235F33 /* Assets.xcassets */,
				4A3BA57B2312DFE500235F33 /* LaunchScreen.storyboard */,
				4A815624231C2E1700BF7B49 /* GoogleService-Info.plist */,
				4A3BA57E2312DFE500235F33 /* Info.plist */,
				4A3BA5762312DFE300235F33 /* HereThere2.xcdatamodeld */,
			);
			path = HereThere2;
			sourceTree = "<group>";
		};
		4A3BA58B2312E4B900235F33 /* Splash */ = {
			isa = PBXGroup;
			children = (
				4A3BA58C2312E4E400235F33 /* SplashViewController.swift */,
				4A3BA58D2312E4E400235F33 /* SplashViewController.xib */,
			);
			path = Splash;
			sourceTree = "<group>";
		};
		4A3BA5902312E51400235F33 /* Main */ = {
			isa = PBXGroup;
			children = (
				4A3BA5942312E53200235F33 /* PopUp */,
				4A3BA5932312E52D00235F33 /* Entity */,
				4A3BA5912312E51F00235F33 /* DataManager */,
				4A3BA5972312E55E00235F33 /* MainViewController.swift */,
				4A3BA5982312E55E00235F33 /* MainViewController.xib */,
			);
			path = Main;
			sourceTree = "<group>";
		};
		4A3BA5912312E51F00235F33 /* DataManager */ = {
			isa = PBXGroup;
			children = (
				4A3BA5B32312E8C100235F33 /* MainDataManager.swift */,
			);
			path = DataManager;
			sourceTree = "<group>";
		};
		4A3BA5932312E52D00235F33 /* Entity */ = {
			isa = PBXGroup;
			children = (
				4A3BA59B2312E5F400235F33 /* TutorialResponse.swift */,
				4AD788AA231BBEDF00F9DDAF /* LoginResponse.swift */,
				4AD788AC231BC18700F9DDAF /* NewemailResponse.swift */,
				4A876FCA231C3DEA003F0101 /* NationResponse.swift */,
				4AD4EDC22320270C00420576 /* GetLoginResponse.swift */,
			);
			path = Entity;
			sourceTree = "<group>";
		};
		4A3BA5942312E53200235F33 /* PopUp */ = {
			isa = PBXGroup;
			children = (
				4A3BA59D2312E62500235F33 /* NoticePopUp.swift */,
				4A3BA59F2312E64000235F33 /* NoticePopUpDelegate.swift */,
				4A3BA5A12312E65900235F33 /* NoticePopUp.storyboard */,
			);
			path = PopUp;
			sourceTree = "<group>";
		};
		4A3BA5A32312E6E800235F33 /* config */ = {
			isa = PBXGroup;
			children = (
				4A3BA5A42312E6F000235F33 /* extensions */,
				4A3BA5A52312E6FE00235F33 /* BaseViewController.swift */,
				4A3BA5A72312E72E00235F33 /* CustomIndicatorView.swift */,
				4A3BA5A92312E74700235F33 /* ColorPalette.swift */,
			);
			path = config;
			sourceTree = "<group>";
		};
		4A3BA5A42312E6F000235F33 /* extensions */ = {
			isa = PBXGroup;
			children = (
				4A3BA5AB2312E76300235F33 /* UIColor.swift */,
				4A3BA5AD2312E77500235F33 /* UIButton.swift */,
				4A3BA5AF2312E78A00235F33 /* UIViewController.swift */,
				4A3BA5B12312E7A300235F33 /* String.swift */,
			);
			path = extensions;
			sourceTree = "<group>";
		};
		4A3BA5B72312F02A00235F33 /* LoginPage */ = {
			isa = PBXGroup;
			children = (
				4A3BA5B82312F04300235F33 /* LoginViewController.swift */,
				4A3BA5B92312F04300235F33 /* LoginViewController.xib */,
			);
			path = LoginPage;
			sourceTree = "<group>";
		};
		4A833E662315773A00A1BAB6 /* CreateNewUser */ = {
			isa = PBXGroup;
			children = (
				4A833E7423158B7400A1BAB6 /* SchoolViewController.swift */,
				4A833E7523158B7400A1BAB6 /* SchoolViewController.xib */,
				4A833E672315775300A1BAB6 /* NewEmailViewController.swift */,
				4A833E682315775300A1BAB6 /* NewEmailViewController.xib */,
				4A833E6B23157B0700A1BAB6 /* NewPwViewController.swift */,
				4A833E6C23157B0700A1BAB6 /* NewPwViewController.xib */,
				4A833E6F23157BE800A1BAB6 /* NewPersonalViewController.swift */,
				4A833E7023157BE800A1BAB6 /* NewPersonalViewController.xib */,
				4A771C2E23159E38003AD399 /* SchoolOkViewController.swift */,
				4A771C2F23159E38003AD399 /* SchoolOkViewController.xib */,
				4A771C3223159E53003AD399 /* SNationViewController.swift */,
				4A771C3323159E53003AD399 /* SNationViewController.xib */,
				4A771C362316FBAA003AD399 /* NationTableViewCell.swift */,
				4A771C372316FBAA003AD399 /* NationTableViewCell.xib */,
				4A771C4023173D8D003AD399 /* FinishViewController.swift */,
				4A771C4123173D8D003AD399 /* FinishViewController.xib */,
				4A815620231C1EA000BF7B49 /* DataSendDelegate.swift */,
			);
			path = CreateNewUser;
			sourceTree = "<group>";
		};
		4A876FC7231C3ACC003F0101 /* Serviced */ = {
			isa = PBXGroup;
			children = (
				4A876FC8231C3AE9003F0101 /* StorageService.swift */,
			);
			path = Serviced;
			sourceTree = "<group>";
		};
		4AD4EDBC231FFD6700420576 /* Entity */ = {
			isa = PBXGroup;
			children = (
				4AD4EDBE231FFDCE00420576 /* GetFeedResponse.swift */,
				4A4FBCE223237AF4006CF8AC /* GetProfileResponse.swift */,
				4A4FBCF6232435A9006CF8AC /* DetailFeedResponse.swift */,
				4A4FBCFC232498AF006CF8AC /* GetReplyResponse.swift */,
				4A7E4F36232729B000A3DD14 /* GetImagesDataResponse.swift */,
			);
			path = Entity;
			sourceTree = "<group>";
		};
		4AD4EDBD231FFD7100420576 /* DataManager */ = {
			isa = PBXGroup;
			children = (
				4A4FBCE023236E3C006CF8AC /* UserProfileDataManager.swift */,
				4A4FBCE823241C68006CF8AC /* RegFeedDataManager.swift */,
			);
			path = DataManager;
			sourceTree = "<group>";
		};
		6911610F0EBB82B9D65E516D /* Frameworks */ = {
			isa = PBXGroup;
			children = (
				4B15649EA5527554E9DB2BD9 /* Pods_HereThere2.framework */,
			);
			name = Frameworks;
			sourceTree = "<group>";
		};
		ABF43E32EFD4E7A9C6D8D66B /* Pods */ = {
			isa = PBXGroup;
			children = (
				5B72862D81618C34A279666E /* Pods-HereThere2.debug.xcconfig */,
				D0C82A139445F53091212FF4 /* Pods-HereThere2.release.xcconfig */,
			);
			path = Pods;
			sourceTree = "<group>";
		};
/* End PBXGroup section */

/* Begin PBXNativeTarget section */
		4A3BA56B2312DFE300235F33 /* HereThere2 */ = {
			isa = PBXNativeTarget;
			buildConfigurationList = 4A3BA5812312DFE500235F33 /* Build configuration list for PBXNativeTarget "HereThere2" */;
			buildPhases = (
				C9C7A44DB4820A9FA9ACB445 /* [CP] Check Pods Manifest.lock */,
				4A3BA5682312DFE300235F33 /* Sources */,
				4A3BA5692312DFE300235F33 /* Frameworks */,
				4A3BA56A2312DFE300235F33 /* Resources */,
				2BA3A44C0323ECECB61D72F8 /* [CP] Embed Pods Frameworks */,
			);
			buildRules = (
			);
			dependencies = (
			);
			name = HereThere2;
			productName = HereThere2;
			productReference = 4A3BA56C2312DFE300235F33 /* HereThere2.app */;
			productType = "com.apple.product-type.application";
		};
/* End PBXNativeTarget section */

/* Begin PBXProject section */
		4A3BA5642312DFE300235F33 /* Project object */ = {
			isa = PBXProject;
			attributes = {
				LastSwiftUpdateCheck = 1020;
				LastUpgradeCheck = 1020;
				ORGANIZATIONNAME = "Soyeon Woo";
				TargetAttributes = {
					4A3BA56B2312DFE300235F33 = {
						CreatedOnToolsVersion = 10.2.1;
					};
				};
			};
			buildConfigurationList = 4A3BA5672312DFE300235F33 /* Build configuration list for PBXProject "HereThere2" */;
			compatibilityVersion = "Xcode 9.3";
			developmentRegion = en;
			hasScannedForEncodings = 0;
			knownRegions = (
				en,
				Base,
			);
			mainGroup = 4A3BA5632312DFE300235F33;
			productRefGroup = 4A3BA56D2312DFE300235F33 /* Products */;
			projectDirPath = "";
			projectRoot = "";
			targets = (
				4A3BA56B2312DFE300235F33 /* HereThere2 */,
			);
		};
/* End PBXProject section */

/* Begin PBXResourcesBuildPhase section */
		4A3BA56A2312DFE300235F33 /* Resources */ = {
			isa = PBXResourcesBuildPhase;
			buildActionMask = 2147483647;
			files = (
				4A4FBCED23242A48006CF8AC /* PostFeedViewController.xib in Resources */,
				4A4FBCF123242BB8006CF8AC /* DetailFeedViewController.xib in Resources */,
				4A3BA59A2312E55E00235F33 /* MainViewController.xib in Resources */,
				4A3BA58F2312E4E400235F33 /* SplashViewController.xib in Resources */,
				4A4FBCF52324304F006CF8AC /* ReplyTableViewCell.xib in Resources */,
				4A0146312319663E0001D5F7 /* HamMenuViewController.xib in Resources */,
				4A7E4F312326EAD000A3DD14 /* MyCollectionViewController.xib in Resources */,
				4A833E6A2315775300A1BAB6 /* NewEmailViewController.xib in Resources */,
				4AD03B1523220F8000835D8D /* MainHomeViewController.xib in Resources */,
				4A833E7223157BE800A1BAB6 /* NewPersonalViewController.xib in Resources */,
				4A771C392316FBAA003AD399 /* NationTableViewCell.xib in Resources */,
				4AD788A82319A09C00F9DDAF /* FeedTableViewCell.xib in Resources */,
				4A3BA57D2312DFE500235F33 /* LaunchScreen.storyboard in Resources */,
				4A771C3523159E53003AD399 /* SNationViewController.xib in Resources */,
				4A3BA57A2312DFE500235F33 /* Assets.xcassets in Resources */,
				4A771C3123159E38003AD399 /* SchoolOkViewController.xib in Resources */,
				4A771C4323173D8D003AD399 /* FinishViewController.xib in Resources */,
				4A3BA5A22312E65900235F33 /* NoticePopUp.storyboard in Resources */,
				4A833E7723158B7400A1BAB6 /* SchoolViewController.xib in Resources */,
				4AD788A22319967500F9DDAF /* LogoutViewController.xib in Resources */,
				4A3BA5BB2312F04300235F33 /* LoginViewController.xib in Resources */,
				4A7E4F352327278700A3DD14 /* CollectionViewCell.xib in Resources */,
				4A4FBCDE2322566A006CF8AC /* MyProfileViewController.xib in Resources */,
				4A833E6E23157B0700A1BAB6 /* NewPwViewController.xib in Resources */,
				4A815625231C2E1700BF7B49 /* GoogleService-Info.plist in Resources */,
			);
			runOnlyForDeploymentPostprocessing = 0;
		};
/* End PBXResourcesBuildPhase section */

/* Begin PBXShellScriptBuildPhase section */
		2BA3A44C0323ECECB61D72F8 /* [CP] Embed Pods Frameworks */ = {
			isa = PBXShellScriptBuildPhase;
			buildActionMask = 2147483647;
			files = (
			);
			inputFileListPaths = (
				"${PODS_ROOT}/Target Support Files/Pods-HereThere2/Pods-HereThere2-frameworks-${CONFIGURATION}-input-files.xcfilelist",
			);
			name = "[CP] Embed Pods Frameworks";
			outputFileListPaths = (
				"${PODS_ROOT}/Target Support Files/Pods-HereThere2/Pods-HereThere2-frameworks-${CONFIGURATION}-output-files.xcfilelist",
			);
			runOnlyForDeploymentPostprocessing = 0;
			shellPath = /bin/sh;
			shellScript = "\"${PODS_ROOT}/Target Support Files/Pods-HereThere2/Pods-HereThere2-frameworks.sh\"\n";
			showEnvVarsInLog = 0;
		};
		C9C7A44DB4820A9FA9ACB445 /* [CP] Check Pods Manifest.lock */ = {
			isa = PBXShellScriptBuildPhase;
			buildActionMask = 2147483647;
			files = (
			);
			inputFileListPaths = (
			);
			inputPaths = (
				"${PODS_PODFILE_DIR_PATH}/Podfile.lock",
				"${PODS_ROOT}/Manifest.lock",
			);
			name = "[CP] Check Pods Manifest.lock";
			outputFileListPaths = (
			);
			outputPaths = (
				"$(DERIVED_FILE_DIR)/Pods-HereThere2-checkManifestLockResult.txt",
			);
			runOnlyForDeploymentPostprocessing = 0;
			shellPath = /bin/sh;
			shellScript = "diff \"${PODS_PODFILE_DIR_PATH}/Podfile.lock\" \"${PODS_ROOT}/Manifest.lock\" > /dev/null\nif [ $? != 0 ] ; then\n    # print error to STDERR\n    echo \"error: The sandbox is not in sync with the Podfile.lock. Run 'pod install' or update your CocoaPods installation.\" >&2\n    exit 1\nfi\n# This output is used by Xcode 'outputs' to avoid re-running this script phase.\necho \"SUCCESS\" > \"${SCRIPT_OUTPUT_FILE_0}\"\n";
			showEnvVarsInLog = 0;
		};
/* End PBXShellScriptBuildPhase section */

/* Begin PBXSourcesBuildPhase section */
		4A3BA5682312DFE300235F33 /* Sources */ = {
			isa = PBXSourcesBuildPhase;
			buildActionMask = 2147483647;
			files = (
				4A3BA5B02312E78A00235F33 /* UIViewController.swift in Sources */,
				4A833E7623158B7400A1BAB6 /* SchoolViewController.swift in Sources */,
				4A3BA58E2312E4E400235F33 /* SplashViewController.swift in Sources */,
				4A3BA5AE2312E77500235F33 /* UIButton.swift in Sources */,
				4A4FBCE323237AF4006CF8AC /* GetProfileResponse.swift in Sources */,
				4A833E6D23157B0700A1BAB6 /* NewPwViewController.swift in Sources */,
				4A4FBCEC23242A48006CF8AC /* PostFeedViewController.swift in Sources */,
				4AD788AD231BC18700F9DDAF /* NewemailResponse.swift in Sources */,
				4A833E692315775300A1BAB6 /* NewEmailViewController.swift in Sources */,
				4A3BA5AC2312E76300235F33 /* UIColor.swift in Sources */,
				4A3BA5782312DFE300235F33 /* HereThere2.xcdatamodeld in Sources */,
				4A4FBCE123236E3C006CF8AC /* UserProfileDataManager.swift in Sources */,
				4A3BA59C2312E5F400235F33 /* TutorialResponse.swift in Sources */,
				4AD4EDBF231FFDCE00420576 /* GetFeedResponse.swift in Sources */,
				4A771C4223173D8D003AD399 /* FinishViewController.swift in Sources */,
				4A3BA5702312DFE300235F33 /* AppDelegate.swift in Sources */,
				4A3BA5A62312E6FE00235F33 /* BaseViewController.swift in Sources */,
				4A815621231C1EA000BF7B49 /* DataSendDelegate.swift in Sources */,
				4A771C3423159E53003AD399 /* SNationViewController.swift in Sources */,
				4A3BA5A02312E64000235F33 /* NoticePopUpDelegate.swift in Sources */,
				4AD03B1423220F8000835D8D /* MainHomeViewController.swift in Sources */,
				4AD788A12319967500F9DDAF /* LogoutViewController.swift in Sources */,
				4A7E4F342327278700A3DD14 /* CollectionViewCell.swift in Sources */,
				4A4FBCF023242BB8006CF8AC /* DetailFeedViewController.swift in Sources */,
				4A771C382316FBAA003AD399 /* NationTableViewCell.swift in Sources */,
				4A4FBCDD2322566A006CF8AC /* MyProfileViewController.swift in Sources */,
				4A7E4F37232729B000A3DD14 /* GetImagesDataResponse.swift in Sources */,
				4A3BA5B42312E8C100235F33 /* MainDataManager.swift in Sources */,
				4A771C3023159E38003AD399 /* SchoolOkViewController.swift in Sources */,
				4AD4EDC32320270C00420576 /* GetLoginResponse.swift in Sources */,
				4AD788AB231BBEDF00F9DDAF /* LoginResponse.swift in Sources */,
				4A4FBCF7232435A9006CF8AC /* DetailFeedResponse.swift in Sources */,
				4A7E4F302326EAD000A3DD14 /* MyCollectionViewController.swift in Sources */,
				4A876FCB231C3DEA003F0101 /* NationResponse.swift in Sources */,
				4A876FC9231C3AE9003F0101 /* StorageService.swift in Sources */,
				4A4FBCF42324304F006CF8AC /* ReplyTableViewCell.swift in Sources */,
				4A3BA5A82312E72E00235F33 /* CustomIndicatorView.swift in Sources */,
				4A3BA59E2312E62500235F33 /* NoticePopUp.swift in Sources */,
				4A3BA5BA2312F04300235F33 /* LoginViewController.swift in Sources */,
				4AD788A72319A09C00F9DDAF /* FeedTableViewCell.swift in Sources */,
				4A4FBCE923241C68006CF8AC /* RegFeedDataManager.swift in Sources */,
				4A3BA5B22312E7A300235F33 /* String.swift in Sources */,
				4A833E7123157BE800A1BAB6 /* NewPersonalViewController.swift in Sources */,
				4A4FBCFD232498AF006CF8AC /* GetReplyResponse.swift in Sources */,
				4A3BA5992312E55E00235F33 /* MainViewController.swift in Sources */,
				4A0146302319663E0001D5F7 /* HamMenuViewController.swift in Sources */,
				4A3BA5AA2312E74700235F33 /* ColorPalette.swift in Sources */,
			);
			runOnlyForDeploymentPostprocessing = 0;
		};
/* End PBXSourcesBuildPhase section */

/* Begin PBXVariantGroup section */
		4A3BA57B2312DFE500235F33 /* LaunchScreen.storyboard */ = {
			isa = PBXVariantGroup;
			children = (
				4A3BA57C2312DFE500235F33 /* Base */,
			);
			name = LaunchScreen.storyboard;
			sourceTree = "<group>";
		};
/* End PBXVariantGroup section */

/* Begin XCBuildConfiguration section */
		4A3BA57F2312DFE500235F33 /* Debug */ = {
			isa = XCBuildConfiguration;
			buildSettings = {
				ALWAYS_SEARCH_USER_PATHS = NO;
				CLANG_ANALYZER_NONNULL = YES;
				CLANG_ANALYZER_NUMBER_OBJECT_CONVERSION = YES_AGGRESSIVE;
				CLANG_CXX_LANGUAGE_STANDARD = "gnu++14";
				CLANG_CXX_LIBRARY = "libc++";
				CLANG_ENABLE_MODULES = YES;
				CLANG_ENABLE_OBJC_ARC = YES;
				CLANG_ENABLE_OBJC_WEAK = YES;
				CLANG_WARN_BLOCK_CAPTURE_AUTORELEASING = YES;
				CLANG_WARN_BOOL_CONVERSION = YES;
				CLANG_WARN_COMMA = YES;
				CLANG_WARN_CONSTANT_CONVERSION = YES;
				CLANG_WARN_DEPRECATED_OBJC_IMPLEMENTATIONS = YES;
				CLANG_WARN_DIRECT_OBJC_ISA_USAGE = YES_ERROR;
				CLANG_WARN_DOCUMENTATION_COMMENTS = YES;
				CLANG_WARN_EMPTY_BODY = YES;
				CLANG_WARN_ENUM_CONVERSION = YES;
				CLANG_WARN_INFINITE_RECURSION = YES;
				CLANG_WARN_INT_CONVERSION = YES;
				CLANG_WARN_NON_LITERAL_NULL_CONVERSION = YES;
				CLANG_WARN_OBJC_IMPLICIT_RETAIN_SELF = YES;
				CLANG_WARN_OBJC_LITERAL_CONVERSION = YES;
				CLANG_WARN_OBJC_ROOT_CLASS = YES_ERROR;
				CLANG_WARN_RANGE_LOOP_ANALYSIS = YES;
				CLANG_WARN_STRICT_PROTOTYPES = YES;
				CLANG_WARN_SUSPICIOUS_MOVE = YES;
				CLANG_WARN_UNGUARDED_AVAILABILITY = YES_AGGRESSIVE;
				CLANG_WARN_UNREACHABLE_CODE = YES;
				CLANG_WARN__DUPLICATE_METHOD_MATCH = YES;
				CODE_SIGN_IDENTITY = "iPhone Developer";
				COPY_PHASE_STRIP = NO;
				DEBUG_INFORMATION_FORMAT = dwarf;
				ENABLE_STRICT_OBJC_MSGSEND = YES;
				ENABLE_TESTABILITY = YES;
				GCC_C_LANGUAGE_STANDARD = gnu11;
				GCC_DYNAMIC_NO_PIC = NO;
				GCC_NO_COMMON_BLOCKS = YES;
				GCC_OPTIMIZATION_LEVEL = 0;
				GCC_PREPROCESSOR_DEFINITIONS = (
					"DEBUG=1",
					"$(inherited)",
				);
				GCC_WARN_64_TO_32_BIT_CONVERSION = YES;
				GCC_WARN_ABOUT_RETURN_TYPE = YES_ERROR;
				GCC_WARN_UNDECLARED_SELECTOR = YES;
				GCC_WARN_UNINITIALIZED_AUTOS = YES_AGGRESSIVE;
				GCC_WARN_UNUSED_FUNCTION = YES;
				GCC_WARN_UNUSED_VARIABLE = YES;
				IPHONEOS_DEPLOYMENT_TARGET = 12.2;
				MTL_ENABLE_DEBUG_INFO = INCLUDE_SOURCE;
				MTL_FAST_MATH = YES;
				ONLY_ACTIVE_ARCH = YES;
				SDKROOT = iphoneos;
				SWIFT_ACTIVE_COMPILATION_CONDITIONS = DEBUG;
				SWIFT_OPTIMIZATION_LEVEL = "-Onone";
			};
			name = Debug;
		};
		4A3BA5802312DFE500235F33 /* Release */ = {
			isa = XCBuildConfiguration;
			buildSettings = {
				ALWAYS_SEARCH_USER_PATHS = NO;
				CLANG_ANALYZER_NONNULL = YES;
				CLANG_ANALYZER_NUMBER_OBJECT_CONVERSION = YES_AGGRESSIVE;
				CLANG_CXX_LANGUAGE_STANDARD = "gnu++14";
				CLANG_CXX_LIBRARY = "libc++";
				CLANG_ENABLE_MODULES = YES;
				CLANG_ENABLE_OBJC_ARC = YES;
				CLANG_ENABLE_OBJC_WEAK = YES;
				CLANG_WARN_BLOCK_CAPTURE_AUTORELEASING = YES;
				CLANG_WARN_BOOL_CONVERSION = YES;
				CLANG_WARN_COMMA = YES;
				CLANG_WARN_CONSTANT_CONVERSION = YES;
				CLANG_WARN_DEPRECATED_OBJC_IMPLEMENTATIONS = YES;
				CLANG_WARN_DIRECT_OBJC_ISA_USAGE = YES_ERROR;
				CLANG_WARN_DOCUMENTATION_COMMENTS = YES;
				CLANG_WARN_EMPTY_BODY = YES;
				CLANG_WARN_ENUM_CONVERSION = YES;
				CLANG_WARN_INFINITE_RECURSION = YES;
				CLANG_WARN_INT_CONVERSION = YES;
				CLANG_WARN_NON_LITERAL_NULL_CONVERSION = YES;
				CLANG_WARN_OBJC_IMPLICIT_RETAIN_SELF = YES;
				CLANG_WARN_OBJC_LITERAL_CONVERSION = YES;
				CLANG_WARN_OBJC_ROOT_CLASS = YES_ERROR;
				CLANG_WARN_RANGE_LOOP_ANALYSIS = YES;
				CLANG_WARN_STRICT_PROTOTYPES = YES;
				CLANG_WARN_SUSPICIOUS_MOVE = YES;
				CLANG_WARN_UNGUARDED_AVAILABILITY = YES_AGGRESSIVE;
				CLANG_WARN_UNREACHABLE_CODE = YES;
				CLANG_WARN__DUPLICATE_METHOD_MATCH = YES;
				CODE_SIGN_IDENTITY = "iPhone Developer";
				COPY_PHASE_STRIP = NO;
				DEBUG_INFORMATION_FORMAT = "dwarf-with-dsym";
				ENABLE_NS_ASSERTIONS = NO;
				ENABLE_STRICT_OBJC_MSGSEND = YES;
				GCC_C_LANGUAGE_STANDARD = gnu11;
				GCC_NO_COMMON_BLOCKS = YES;
				GCC_WARN_64_TO_32_BIT_CONVERSION = YES;
				GCC_WARN_ABOUT_RETURN_TYPE = YES_ERROR;
				GCC_WARN_UNDECLARED_SELECTOR = YES;
				GCC_WARN_UNINITIALIZED_AUTOS = YES_AGGRESSIVE;
				GCC_WARN_UNUSED_FUNCTION = YES;
				GCC_WARN_UNUSED_VARIABLE = YES;
				IPHONEOS_DEPLOYMENT_TARGET = 12.2;
				MTL_ENABLE_DEBUG_INFO = NO;
				MTL_FAST_MATH = YES;
				SDKROOT = iphoneos;
				SWIFT_COMPILATION_MODE = wholemodule;
				SWIFT_OPTIMIZATION_LEVEL = "-O";
				VALIDATE_PRODUCT = YES;
			};
			name = Release;
		};
		4A3BA5822312DFE500235F33 /* Debug */ = {
			isa = XCBuildConfiguration;
			baseConfigurationReference = 5B72862D81618C34A279666E /* Pods-HereThere2.debug.xcconfig */;
			buildSettings = {
				ASSETCATALOG_COMPILER_APPICON_NAME = AppIcon;
				CODE_SIGN_STYLE = Automatic;
				DEVELOPMENT_TEAM = GB89FTX66N;
				INFOPLIST_FILE = HereThere2/Info.plist;
				LD_RUNPATH_SEARCH_PATHS = (
					"$(inherited)",
					"@executable_path/Frameworks",
				);
				PRODUCT_BUNDLE_IDENTIFIER = woo.HereThere2;
				PRODUCT_NAME = "$(TARGET_NAME)";
				SWIFT_VERSION = 5.0;
				TARGETED_DEVICE_FAMILY = "1,2";
			};
			name = Debug;
		};
		4A3BA5832312DFE500235F33 /* Release */ = {
			isa = XCBuildConfiguration;
			baseConfigurationReference = D0C82A139445F53091212FF4 /* Pods-HereThere2.release.xcconfig */;
			buildSettings = {
				ASSETCATALOG_COMPILER_APPICON_NAME = AppIcon;
				CODE_SIGN_STYLE = Automatic;
				DEVELOPMENT_TEAM = GB89FTX66N;
				INFOPLIST_FILE = HereThere2/Info.plist;
				LD_RUNPATH_SEARCH_PATHS = (
					"$(inherited)",
					"@executable_path/Frameworks",
				);
				PRODUCT_BUNDLE_IDENTIFIER = woo.HereThere2;
				PRODUCT_NAME = "$(TARGET_NAME)";
				SWIFT_VERSION = 5.0;
				TARGETED_DEVICE_FAMILY = "1,2";
			};
			name = Release;
		};
/* End XCBuildConfiguration section */

/* Begin XCConfigurationList section */
		4A3BA5672312DFE300235F33 /* Build configuration list for PBXProject "HereThere2" */ = {
			isa = XCConfigurationList;
			buildConfigurations = (
				4A3BA57F2312DFE500235F33 /* Debug */,
				4A3BA5802312DFE500235F33 /* Release */,
			);
			defaultConfigurationIsVisible = 0;
			defaultConfigurationName = Release;
		};
		4A3BA5812312DFE500235F33 /* Build configuration list for PBXNativeTarget "HereThere2" */ = {
			isa = XCConfigurationList;
			buildConfigurations = (
				4A3BA5822312DFE500235F33 /* Debug */,
				4A3BA5832312DFE500235F33 /* Release */,
			);
			defaultConfigurationIsVisible = 0;
			defaultConfigurationName = Release;
		};
/* End XCConfigurationList section */

/* Begin XCVersionGroup section */
		4A3BA5762312DFE300235F33 /* HereThere2.xcdatamodeld */ = {
			isa = XCVersionGroup;
			children = (
				4A3BA5772312DFE300235F33 /* HereThere2.xcdatamodel */,
			);
			currentVersion = 4A3BA5772312DFE300235F33 /* HereThere2.xcdatamodel */;
			path = HereThere2.xcdatamodeld;
			sourceTree = "<group>";
			versionGroupType = wrapper.xcdatamodel;
		};
/* End XCVersionGroup section */
	};
	rootObject = 4A3BA5642312DFE300235F33 /* Project object */;
}
